{
  "name": "intro",
  "version": "1.0.0",
  "lockfileVersion": 1,
  "requires": true,
  "dependencies": {
    "bobril": {
      "version": "8.1.1",
      "resolved": "https://registry.npmjs.org/bobril/-/bobril-8.1.1.tgz",
      "integrity": "sha512-kph2fMV0eUvohwnxnldeGrZS7H4p0FygKK1ZJwiCqPmtXDKVhjYenDTtwE8tbMFT24I5JNDSzXJ8gXqYtogHqg=="
    }
  }
}
