{
  "name": "sample-routing",
  "version": "1.0.0",
  "lockfileVersion": 1,
  "requires": true,
  "dependencies": {
    "bobril": {
      "version": "8.17.1",
      "resolved": "https://registry.npmjs.org/bobril/-/bobril-8.17.1.tgz",
      "integrity": "sha512-RUOQ2IJFrRNXuYqQDmqTSuY9kkMO54vzH5QeY85C83uJUpob7VUVBmSohxPQKZ3G72AX13P1W22Bbj81KIAk5w=="
    }
  }
}
