{
  "name": "bobril-page",
  "version": "1.0.0",
  "lockfileVersion": 1,
  "requires": true,
  "dependencies": {
    "@types/bootstrap": {
      "version": "3.4.0",
      "resolved": "https://registry.npmjs.org/@types/bootstrap/-/bootstrap-3.4.0.tgz",
      "integrity": "sha512-LS05hVAAsX86qbHg7W+ydwBlNHrVCoFw6wEP3/uW4eYmRXl08bWmPeN/+onM+8qZTFfDgUlG/OItJI8SW972oQ==",
      "requires": {
        "@types/jquery": "*"
      }
    },
    "@types/bootstrap-3-typeahead": {
      "version": "4.0.1",
      "resolved": "https://registry.npmjs.org/@types/bootstrap-3-typeahead/-/bootstrap-3-typeahead-4.0.1.tgz",
      "integrity": "sha512-1TFxHxZEABxfJJQzgKLKpgcmd2KXKATv83WP7XwjQdWk0lXTXYcnWyYt7j7tQ1GrEZ0smUf7O3bQVSiRiRE+Xw==",
      "requires": {
        "@types/jquery": "*"
      }
    },
    "@types/jquery": {
      "version": "3.3.31",
      "resolved": "https://registry.npmjs.org/@types/jquery/-/jquery-3.3.31.tgz",
      "integrity": "sha512-Lz4BAJihoFw5nRzKvg4nawXPzutkv7wmfQ5121avptaSIXlDNJCUuxZxX/G+9EVidZGuO0UBlk+YjKbwRKJigg==",
      "requires": {
        "@types/sizzle": "*"
      }
    },
    "@types/prismjs": {
      "version": "1.16.0",
      "resolved": "https://registry.npmjs.org/@types/prismjs/-/prismjs-1.16.0.tgz",
      "integrity": "sha512-mEyuziLrfDCQ4juQP1k706BUU/c8OGn/ZFl69AXXY6dStHClKX4P+N8+rhqpul1vRDA2VOygzMRSJJZHyDEOfw=="
    },
    "@types/sizzle": {
      "version": "2.3.2",
      "resolved": "https://registry.npmjs.org/@types/sizzle/-/sizzle-2.3.2.tgz",
      "integrity": "sha512-7EJYyKTL7tFR8+gDbB6Wwz/arpGa0Mywk1TJbNzKzHtzbwVmY4HR9WqS5VV7dsBUKQmPNr192jHr/VpBluj/hg=="
    },
    "bb-tslint-plugin": {
      "version": "1.2.2",
      "resolved": "https://registry.npmjs.org/bb-tslint-plugin/-/bb-tslint-plugin-1.2.2.tgz",
      "integrity": "sha512-KFlOJwq4rXWGollf/PbEV5EEng8tjWGTgEWLhdJcFvt71mlsuKy/YUt8AcjbIufLTc76P7byE8OZJkDXeQetrQ==",
      "dev": true
    },
    "bobril": {
      "version": "12.0.0",
      "resolved": "https://registry.npmjs.org/bobril/-/bobril-12.0.0.tgz",
      "integrity": "sha512-ONuQa6casgOxzcneH1bXQBemHt3i4wrM0EOIRkDEmMQULdu1IaC506Te+LxuidvYx3bmgdDquoDxZR0mIAudbw=="
    },
    "bobrilstrap": {
      "version": "3.2.1",
      "resolved": "https://registry.npmjs.org/bobrilstrap/-/bobrilstrap-3.2.1.tgz",
      "integrity": "sha512-MRok1yrDzbDNgCRmNNM6zEyPUwxts7kVOdiFiKsyyN+QuvPtv0Jhh8ZKfl5CSbocnf5G3bZEHgpHQr4wcIVaqw==",
      "requires": {
        "@types/bootstrap": "^3.3.35",
        "@types/bootstrap-3-typeahead": "^4.0.1",
        "@types/jquery": "^3.3.29",
        "bobril": "^12.0.0",
        "bootstrap": "^3.4.0",
        "bootstrap-3-typeahead": "^4.0.2",
        "jquery": "^3.3.1"
      }
    },
    "bobx": {
      "version": "0.27.1",
      "resolved": "https://registry.npmjs.org/bobx/-/bobx-0.27.1.tgz",
      "integrity": "sha512-yN5NBdlQIXZmlCxIRZES26iaZBq0FjpK3HyuvypCgPjPw/BDB2hBKwrtxN8pTKPutUhpN5rRvh5I0CZi7kiABA==",
      "requires": {
        "bobril": "*"
      }
    },
    "bootstrap": {
      "version": "3.4.1",
      "resolved": "https://registry.npmjs.org/bootstrap/-/bootstrap-3.4.1.tgz",
      "integrity": "sha512-yN5oZVmRCwe5aKwzRj6736nSmKDX7pLYwsXiCj/EYmo16hODaBiT4En5btW/jhBF/seV+XMx3aYwukYC3A49DA=="
    },
    "bootstrap-3-typeahead": {
      "version": "4.0.2",
      "resolved": "https://registry.npmjs.org/bootstrap-3-typeahead/-/bootstrap-3-typeahead-4.0.2.tgz",
      "integrity": "sha1-yxyWkESFaGIJb8jHHMIbOsu1BBI="
    },
    "bootswatch": {
      "version": "3.4.1",
      "resolved": "https://registry.npmjs.org/bootswatch/-/bootswatch-3.4.1.tgz",
      "integrity": "sha512-0hL4A8OUiqABgPipGrojf/hyhr5RS257xCNARlbK34HaMfhV5fXvwEooN4/ri9+jgX47J4Wg24ZPmfZ2xD2cKw=="
    },
    "clipboard": {
      "version": "2.0.4",
      "resolved": "https://registry.npmjs.org/clipboard/-/clipboard-2.0.4.tgz",
      "integrity": "sha512-Vw26VSLRpJfBofiVaFb/I8PVfdI1OxKcYShe6fm0sP/DtmiWQNCjhM/okTvdCo0G+lMMm1rMYbk4IK4x1X+kgQ==",
      "optional": true,
      "requires": {
        "good-listener": "^1.2.2",
        "select": "^1.1.2",
        "tiny-emitter": "^2.0.0"
      }
    },
    "delegate": {
      "version": "3.2.0",
      "resolved": "https://registry.npmjs.org/delegate/-/delegate-3.2.0.tgz",
      "integrity": "sha512-IofjkYBZaZivn0V8nnsMJGBr4jVLxHDheKSW88PyxS5QC4Vo9ZbZVvhzlSxY87fVq3STR6r+4cGepyHkcWOQSw==",
      "optional": true
    },
    "good-listener": {
      "version": "1.2.2",
      "resolved": "https://registry.npmjs.org/good-listener/-/good-listener-1.2.2.tgz",
      "integrity": "sha1-1TswzfkxPf+33JoNR3CWqm0UXFA=",
      "optional": true,
      "requires": {
        "delegate": "^3.1.2"
      }
    },
    "jquery": {
      "version": "3.4.1",
      "resolved": "https://registry.npmjs.org/jquery/-/jquery-3.4.1.tgz",
      "integrity": "sha512-36+AdBzCL+y6qjw5Tx7HgzeGCzC81MDDgaUP8ld2zhx58HdqXGoBd+tHdrBMiyjGQs0Hxs/MLZTu/eHNJJuWPw=="
    },
    "prism-themes": {
      "version": "1.3.0",
      "resolved": "https://registry.npmjs.org/prism-themes/-/prism-themes-1.3.0.tgz",
      "integrity": "sha512-4hDQyNuBRyWVvwHeTH4yY5TIWrl6BHmhoh85kgfTFgwklGerWA3R2RFp7Sg0zPCnQS8SsloKsEIN3ao63KhiIw=="
    },
    "prismjs": {
      "version": "1.16.0",
      "resolved": "https://registry.npmjs.org/prismjs/-/prismjs-1.16.0.tgz",
      "integrity": "sha512-OA4MKxjFZHSvZcisLGe14THYsug/nF6O1f0pAJc0KN0wTyAcLqmsbE+lTGKSpyh+9pEW57+k6pg2AfYR+coyHA==",
      "requires": {
        "clipboard": "^2.0.0"
      }
    },
    "select": {
      "version": "1.1.2",
      "resolved": "https://registry.npmjs.org/select/-/select-1.1.2.tgz",
      "integrity": "sha1-DnNQrN7ICxEIUoeG7B1EGNEbOW0=",
      "optional": true
    },
    "tiny-emitter": {
      "version": "2.1.0",
      "resolved": "https://registry.npmjs.org/tiny-emitter/-/tiny-emitter-2.1.0.tgz",
      "integrity": "sha512-NB6Dk1A9xgQPMoGqC5CVXn123gWyte215ONT5Pp5a0yt4nlEoO1ZWeCwpncaekPHXO60i47ihFnZPiRPjRMq4Q==",
      "optional": true
    }
  }
}
