{
  "name": "bobril-page",
  "version": "1.0.0",
  "lockfileVersion": 1,
  "requires": true,
  "dependencies": {
    "@types/bootstrap": {
      "version": "3.3.42",
      "resolved": "https://registry.npmjs.org/@types/bootstrap/-/bootstrap-3.3.42.tgz",
      "integrity": "sha512-ERkg6+Doymm2Uv/+jvqgxmoDLr6vz7wThaS2523QoY/tcTuw7HKrF5v06u2Ga3nEu0+iVTnNk7HLIzgm6ZZh8A==",
      "requires": {
        "@types/jquery": "*"
      }
    },
    "@types/jquery": {
      "version": "3.3.29",
      "resolved": "https://registry.npmjs.org/@types/jquery/-/jquery-3.3.29.tgz",
      "integrity": "sha512-FhJvBninYD36v3k6c+bVk1DSZwh7B5Dpb/Pyk3HKVsiohn0nhbefZZ+3JXbWQhFyt0MxSl2jRDdGQPHeOHFXrQ==",
      "requires": {
        "@types/sizzle": "*"
      }
    },
    "@types/sizzle": {
      "version": "2.3.2",
      "resolved": "https://registry.npmjs.org/@types/sizzle/-/sizzle-2.3.2.tgz",
      "integrity": "sha512-7EJYyKTL7tFR8+gDbB6Wwz/arpGa0Mywk1TJbNzKzHtzbwVmY4HR9WqS5VV7dsBUKQmPNr192jHr/VpBluj/hg=="
    },
    "bb-tslint-plugin": {
      "version": "1.2.2",
      "resolved": "https://registry.npmjs.org/bb-tslint-plugin/-/bb-tslint-plugin-1.2.2.tgz",
      "integrity": "sha512-KFlOJwq4rXWGollf/PbEV5EEng8tjWGTgEWLhdJcFvt71mlsuKy/YUt8AcjbIufLTc76P7byE8OZJkDXeQetrQ==",
      "dev": true
    },
    "bobril": {
      "version": "10.2.2",
      "resolved": "https://registry.npmjs.org/bobril/-/bobril-10.2.2.tgz",
      "integrity": "sha512-AN+P3FS6ybS6wj/fmmT/0KqDkR8ox4uw+kslnmiJSzxmnbnbdaBpvvqkW6/DAd6XZDFW3gfGQZ9/ySP0i6wONQ=="
    },
    "bobrilstrap": {
      "version": "3.0.7",
      "resolved": "https://registry.npmjs.org/bobrilstrap/-/bobrilstrap-3.0.7.tgz",
      "integrity": "sha512-6MIsJqRCWmEIDid660ScVp7Ls4zlTea4vpQuyyA4kA/VNtLCAVUrj6IW0RBvv4fO6wVJd612jlQ+aOzKsTPCCA==",
      "requires": {
        "@types/bootstrap": "^3.3.35",
        "@types/jquery": "^3.3.29",
        "bobril": "^11.0.1",
        "bootstrap": "^3.4.0",
        "bootstrap-3-typeahead": "^4.0.2",
        "jquery": "^3.3.1"
      },
      "dependencies": {
        "bobril": {
          "version": "11.0.1",
          "resolved": "https://registry.npmjs.org/bobril/-/bobril-11.0.1.tgz",
          "integrity": "sha512-q3IxVdLvYQUOg6Z+cWgs5kr9AMZMArrZSpv2y8X/7TpLLd+HFNbq31KCnilL0lZ2dklMmRr4+TcDWLzGfRl1sg=="
        }
      }
    },
    "bobx": {
      "version": "0.27.1",
      "resolved": "https://registry.npmjs.org/bobx/-/bobx-0.27.1.tgz",
      "integrity": "sha512-yN5NBdlQIXZmlCxIRZES26iaZBq0FjpK3HyuvypCgPjPw/BDB2hBKwrtxN8pTKPutUhpN5rRvh5I0CZi7kiABA==",
      "requires": {
        "bobril": "*"
      }
    },
    "bootstrap": {
      "version": "3.4.1",
      "resolved": "https://registry.npmjs.org/bootstrap/-/bootstrap-3.4.1.tgz",
      "integrity": "sha512-yN5oZVmRCwe5aKwzRj6736nSmKDX7pLYwsXiCj/EYmo16hODaBiT4En5btW/jhBF/seV+XMx3aYwukYC3A49DA=="
    },
    "bootstrap-3-typeahead": {
      "version": "4.0.2",
      "resolved": "https://registry.npmjs.org/bootstrap-3-typeahead/-/bootstrap-3-typeahead-4.0.2.tgz",
      "integrity": "sha1-yxyWkESFaGIJb8jHHMIbOsu1BBI="
    },
    "bootswatch": {
      "version": "3.4.1",
      "resolved": "https://registry.npmjs.org/bootswatch/-/bootswatch-3.4.1.tgz",
      "integrity": "sha512-0hL4A8OUiqABgPipGrojf/hyhr5RS257xCNARlbK34HaMfhV5fXvwEooN4/ri9+jgX47J4Wg24ZPmfZ2xD2cKw=="
    },
    "jquery": {
      "version": "3.4.1",
      "resolved": "https://registry.npmjs.org/jquery/-/jquery-3.4.1.tgz",
      "integrity": "sha512-36+AdBzCL+y6qjw5Tx7HgzeGCzC81MDDgaUP8ld2zhx58HdqXGoBd+tHdrBMiyjGQs0Hxs/MLZTu/eHNJJuWPw=="
    }
  }
}
