{
  "name": "sample-globalization",
  "version": "1.0.0",
  "lockfileVersion": 1,
  "requires": true,
  "dependencies": {
    "bobril": {
      "version": "8.17.1",
      "resolved": "https://registry.npmjs.org/bobril/-/bobril-8.17.1.tgz",
      "integrity": "sha512-RUOQ2IJFrRNXuYqQDmqTSuY9kkMO54vzH5QeY85C83uJUpob7VUVBmSohxPQKZ3G72AX13P1W22Bbj81KIAk5w=="
    },
    "bobril-g11n": {
      "version": "4.4.1",
      "resolved": "https://registry.npmjs.org/bobril-g11n/-/bobril-g11n-4.4.1.tgz",
      "integrity": "sha512-XmqpVX1mCBgAvBnQuRFInoiOJSqEcwRybUwA/lEhoMMbMr16uW0C6NXOiyy5OCy6MBMI0NEtbqc05r4zjKegiQ==",
      "requires": {
        "moment": "^2.10.6"
      }
    },
    "moment": {
      "version": "2.23.0",
      "resolved": "https://registry.npmjs.org/moment/-/moment-2.23.0.tgz",
      "integrity": "sha512-3IE39bHVqFbWWaPOMHZF98Q9c3LDKGTmypMiTM2QygGXXElkFWIH7GxfmlwmY2vwa+wmNsoYZmG2iusf1ZjJoA=="
    }
  }
}
