{
  "name": "sample-bobflux",
  "version": "1.0.1",
  "lockfileVersion": 1,
  "requires": true,
  "dependencies": {
    "bobflux": {
      "version": "9.0.1",
      "resolved": "https://registry.npmjs.org/bobflux/-/bobflux-9.0.1.tgz",
      "integrity": "sha1-iDXWZzVxS73Doo3BirT902ywnO0=",
      "requires": {
        "bobril": "*",
        "fun-model": "6.*"
      }
    },
    "bobflux-monitor": {
      "version": "4.0.0",
      "resolved": "https://registry.npmjs.org/bobflux-monitor/-/bobflux-monitor-4.0.0.tgz",
      "integrity": "sha512-C4YHcPp3qsI9UCa54dTey5SVP4WNHlVCEL3qwYsNbl3Y9wRBQLdrp5zSO+0LLI3raMC9U6LwQMOdKMz/P58FqA==",
      "requires": {
        "bobril": "^8.9.2",
        "fun-model": "^6.3.0"
      }
    },
    "bobril": {
      "version": "8.17.1",
      "resolved": "https://registry.npmjs.org/bobril/-/bobril-8.17.1.tgz",
      "integrity": "sha512-RUOQ2IJFrRNXuYqQDmqTSuY9kkMO54vzH5QeY85C83uJUpob7VUVBmSohxPQKZ3G72AX13P1W22Bbj81KIAk5w=="
    },
    "fun-model": {
      "version": "6.3.0",
      "resolved": "https://registry.npmjs.org/fun-model/-/fun-model-6.3.0.tgz",
      "integrity": "sha1-bBMdtrrfwf3KWoOpjAFMUFhePBU="
    }
  }
}
