{
  "name": "todo",
  "version": "1.0.0",
  "lockfileVersion": 1,
  "requires": true,
  "dependencies": {
    "@types/bootstrap": {
      "version": "3.3.36",
      "resolved": "https://registry.npmjs.org/@types/bootstrap/-/bootstrap-3.3.36.tgz",
      "integrity": "sha512-Ox4QismJMkIIEx800Potvor1PCFg/VldUkmWBARw33mcJejLfXsRjQowdwr20tOzq73+YxrD40kcHbjWDgOwMA==",
      "requires": {
        "@types/jquery": "2.0.48"
      }
    },
    "@types/jquery": {
      "version": "2.0.48",
      "resolved": "https://registry.npmjs.org/@types/jquery/-/jquery-2.0.48.tgz",
      "integrity": "sha512-nNLzUrVjaRV/Ds1eHZLYTd7IZxs38cwwLSaqMJj8OTXY8xNUbxSK69bi9cMLvQ7dm/IBeQ1wHwQ0S1uYa0rd2w=="
    },
    "bobril": {
      "version": "8.1.1",
      "resolved": "https://registry.npmjs.org/bobril/-/bobril-8.1.1.tgz",
      "integrity": "sha512-kph2fMV0eUvohwnxnldeGrZS7H4p0FygKK1ZJwiCqPmtXDKVhjYenDTtwE8tbMFT24I5JNDSzXJ8gXqYtogHqg=="
    },
    "bobrilstrap": {
      "version": "2.1.0",
      "resolved": "https://registry.npmjs.org/bobrilstrap/-/bobrilstrap-2.1.0.tgz",
      "integrity": "sha512-YRxOYX7qRwFNKde06zRL1A1T8lw1S5US8zf2XcP0M265LPIqm4fTDI6xsu5Veiwpm93UEdieHMluA8l2QQgykg==",
      "requires": {
        "@types/bootstrap": "3.3.36",
        "@types/jquery": "2.0.48",
        "bobril": "8.1.1",
        "bootstrap": "3.3.7",
        "bootstrap-3-typeahead": "4.0.2",
        "jquery": "2.2.4"
      }
    },
    "bobx": {
      "version": "0.12.2",
      "resolved": "https://registry.npmjs.org/bobx/-/bobx-0.12.2.tgz",
      "integrity": "sha512-zQVsy7/XOcXSN+eUn5uZ161Z8Gz+jzX43XnjMJwz2jhpkYsscfDd78h3T7oOcdfyydpdOP+NOdR2OUqhj5HioQ==",
      "requires": {
        "bobril": "8.1.1"
      }
    },
    "bootstrap": {
      "version": "3.3.7",
      "resolved": "https://registry.npmjs.org/bootstrap/-/bootstrap-3.3.7.tgz",
      "integrity": "sha1-WjiTlFSfIzMIdaOxUGVldPip63E="
    },
    "bootstrap-3-typeahead": {
      "version": "4.0.2",
      "resolved": "https://registry.npmjs.org/bootstrap-3-typeahead/-/bootstrap-3-typeahead-4.0.2.tgz",
      "integrity": "sha1-yxyWkESFaGIJb8jHHMIbOsu1BBI="
    },
    "jquery": {
      "version": "2.2.4",
      "resolved": "https://registry.npmjs.org/jquery/-/jquery-2.2.4.tgz",
      "integrity": "sha1-LInWiJterFIqfuoywUUhVZxsvwI="
    }
  }
}
