{
  "name": "routing",
  "version": "1.0.0",
  "lockfileVersion": 1,
  "requires": true,
  "dependencies": {
    "bobril": {
      "version": "13.1.0",
      "resolved": "https://registry.npmjs.org/bobril/-/bobril-13.1.0.tgz",
      "integrity": "sha512-/K4q5rgvjqd+6vzdQDafgcvnQ4DBtyOVNqdJgFwfeKiuGsfC/RCggBVBgng0c7I9CV725GQwClUPU6X6/vVNGg=="
    },
    "bobx": {
      "version": "0.27.1",
      "resolved": "https://registry.npmjs.org/bobx/-/bobx-0.27.1.tgz",
      "integrity": "sha512-yN5NBdlQIXZmlCxIRZES26iaZBq0FjpK3HyuvypCgPjPw/BDB2hBKwrtxN8pTKPutUhpN5rRvh5I0CZi7kiABA==",
      "requires": {
        "bobril": "*"
      }
    }
  }
}
