{
  "name": "intro",
  "version": "1.0.0",
  "lockfileVersion": 1,
  "requires": true,
  "dependencies": {
    "bobril": {
      "version": "8.1.1",
      "resolved": "https://registry.npmjs.org/bobril/-/bobril-8.1.1.tgz",
      "integrity": "sha512-kph2fMV0eUvohwnxnldeGrZS7H4p0FygKK1ZJwiCqPmtXDKVhjYenDTtwE8tbMFT24I5JNDSzXJ8gXqYtogHqg=="
    },
    "bobx": {
      "version": "0.12.2",
      "resolved": "https://registry.npmjs.org/bobx/-/bobx-0.12.2.tgz",
      "integrity": "sha512-zQVsy7/XOcXSN+eUn5uZ161Z8Gz+jzX43XnjMJwz2jhpkYsscfDd78h3T7oOcdfyydpdOP+NOdR2OUqhj5HioQ==",
      "requires": {
        "bobril": "8.1.1"
      }
    }
  }
}
