{
  "name": "intro",
  "version": "1.0.0",
  "lockfileVersion": 1,
  "requires": true,
  "dependencies": {
    "bobril": {
      "version": "8.17.1",
      "resolved": "https://registry.npmjs.org/bobril/-/bobril-8.17.1.tgz",
      "integrity": "sha512-RUOQ2IJFrRNXuYqQDmqTSuY9kkMO54vzH5QeY85C83uJUpob7VUVBmSohxPQKZ3G72AX13P1W22Bbj81KIAk5w=="
    },
    "bobx": {
      "version": "0.23.1",
      "resolved": "https://registry.npmjs.org/bobx/-/bobx-0.23.1.tgz",
      "integrity": "sha512-g3pSBL7cFzKN/CT3KoDvm/o6kUdLldR/3iaQmP5ZXiG+9u67gGP/X44uvlVZOvB+ZpqG6zDIIA4LL29g6iwVmw==",
      "requires": {
        "bobril": "*"
      }
    }
  }
}
