{
  "name": "todo",
  "version": "1.0.0",
  "lockfileVersion": 1,
  "requires": true,
  "dependencies": {
    "@types/bootstrap": {
      "version": "3.4.0",
      "resolved": "https://registry.npmjs.org/@types/bootstrap/-/bootstrap-3.4.0.tgz",
      "integrity": "sha512-LS05hVAAsX86qbHg7W+ydwBlNHrVCoFw6wEP3/uW4eYmRXl08bWmPeN/+onM+8qZTFfDgUlG/OItJI8SW972oQ==",
      "requires": {
        "@types/jquery": "*"
      }
    },
    "@types/bootstrap-3-typeahead": {
      "version": "4.0.1",
      "resolved": "https://registry.npmjs.org/@types/bootstrap-3-typeahead/-/bootstrap-3-typeahead-4.0.1.tgz",
      "integrity": "sha512-1TFxHxZEABxfJJQzgKLKpgcmd2KXKATv83WP7XwjQdWk0lXTXYcnWyYt7j7tQ1GrEZ0smUf7O3bQVSiRiRE+Xw==",
      "requires": {
        "@types/jquery": "*"
      }
    },
    "@types/jquery": {
      "version": "3.3.36",
      "resolved": "https://registry.npmjs.org/@types/jquery/-/jquery-3.3.36.tgz",
      "integrity": "sha512-jHL8J5y5fJ0+C9zCTkeOvX4zqRnPug3r6JhAqAYl2YyBCYHiXTbZSH0MRCpayZADed5TigPjH92dEKczUFT2TQ==",
      "requires": {
        "@types/sizzle": "*"
      }
    },
    "@types/sizzle": {
      "version": "2.3.2",
      "resolved": "https://registry.npmjs.org/@types/sizzle/-/sizzle-2.3.2.tgz",
      "integrity": "sha512-7EJYyKTL7tFR8+gDbB6Wwz/arpGa0Mywk1TJbNzKzHtzbwVmY4HR9WqS5VV7dsBUKQmPNr192jHr/VpBluj/hg=="
    },
    "bobril": {
      "version": "14.6.0",
      "resolved": "https://registry.npmjs.org/bobril/-/bobril-14.6.0.tgz",
      "integrity": "sha512-OZ2iCpK4NE7TYa2xpv+YzpHFD5qoUEzbjw9wlGfx8XbTHr0KyDpioFtEAF2s3B6wZlCOhx4LnAA2bmlJc7Zd0g=="
    },
    "bobrilstrap": {
      "version": "3.4.0",
      "resolved": "https://registry.npmjs.org/bobrilstrap/-/bobrilstrap-3.4.0.tgz",
      "integrity": "sha512-4khrpPJzeBryknOW9DL0ssPxGDMVyv01tdFXFusjpsgU7M9deeM/Hbj2UZ+H7Lx7DAXqq31XjlVoDOz9SiieBA==",
      "requires": {
        "@types/bootstrap": "^3.3.35",
        "@types/bootstrap-3-typeahead": "^4.0.1",
        "@types/jquery": "^3.3.36",
        "bobril": "^14.6.0",
        "bootstrap": "^3.4.0",
        "bootstrap-3-typeahead": "^4.0.2",
        "jquery": "^3.5.0"
      }
    },
    "bobx": {
      "version": "0.28.0",
      "resolved": "https://registry.npmjs.org/bobx/-/bobx-0.28.0.tgz",
      "integrity": "sha512-lPC3/QMzWwInCRCDImaIpjqoKn1gpb7+5BucaYHuz6PprRrf1VaR2zJnFZbNiLEBRvwnNx82yPXpMZt5r9ES2w==",
      "requires": {
        "bobril": "*"
      }
    },
    "bootstrap": {
      "version": "3.4.1",
      "resolved": "https://registry.npmjs.org/bootstrap/-/bootstrap-3.4.1.tgz",
      "integrity": "sha512-yN5oZVmRCwe5aKwzRj6736nSmKDX7pLYwsXiCj/EYmo16hODaBiT4En5btW/jhBF/seV+XMx3aYwukYC3A49DA=="
    },
    "bootstrap-3-typeahead": {
      "version": "4.0.2",
      "resolved": "https://registry.npmjs.org/bootstrap-3-typeahead/-/bootstrap-3-typeahead-4.0.2.tgz",
      "integrity": "sha1-yxyWkESFaGIJb8jHHMIbOsu1BBI="
    },
    "jquery": {
      "version": "3.5.0",
      "resolved": "https://registry.npmjs.org/jquery/-/jquery-3.5.0.tgz",
      "integrity": "sha512-Xb7SVYMvygPxbFMpTFQiHh1J7HClEaThguL15N/Gg37Lri/qKyhRGZYzHRyLH8Stq3Aow0LsHO2O2ci86fCrNQ=="
    }
  }
}
